<?xml version="1.0" encoding="utf-8"?>
<Project ToolsVersion="4.0" xmlns="http://schemas.microsoft.com/developer/msbuild/2003">
  <ItemGroup>
    <ClInclude Include="Main.h" />
    <ClInclude Include="stdafx.h" />
    <ClInclude Include="Boss.h">
      <Filter>GameObejct</Filter>
    </ClInclude>
    <ClInclude Include="Player.h">
      <Filter>GameObejct</Filter>
    </ClInclude>
    <ClInclude Include="Scene1.h">
      <Filter>Scene</Filter>
    </ClInclude>
    <ClInclude Include="Scene2.h">
      <Filter>Scene</Filter>
    </ClInclude>
    <ClInclude Include="Scene3.h">
      <Filter>Scene</Filter>
    </ClInclude>
    <ClInclude Include="Scene7.h">
      <Filter>Scene</Filter>
    </ClInclude>
    <ClInclude Include="Scene6.h">
      <Filter>Scene</Filter>
    </ClInclude>
    <ClInclude Include="Scene5.h">
      <Filter>Scene</Filter>
    </ClInclude>
    <ClInclude Include="Scene4.h">
      <Filter>Scene</Filter>
    </ClInclude>
    <ClInclude Include="Monster.h">
      <Filter>GameObejct</Filter>
    </ClInclude>
    <ClInclude Include="Bullet.h">
      <Filter>GameObejct</Filter>
    </ClInclude>
  </ItemGroup>
  <ItemGroup>
    <ClCompile Include="Main.cpp" />
    <ClCompile Include="Player.cpp">
      <Filter>GameObejct</Filter>
    </ClCompile>
    <ClCompile Include="Boss.cpp">
      <Filter>GameObejct</Filter>
    </ClCompile>
    <ClCompile Include="Scene1.cpp">
      <Filter>Scene</Filter>
    </ClCompile>
    <ClCompile Include="Scene2.cpp">
      <Filter>Scene</Filter>
    </ClCompile>
    <ClCompile Include="Scene3.cpp">
      <Filter>Scene</Filter>
    </ClCompile>
    <ClCompile Include="Scene7.cpp">
      <Filter>Scene</Filter>
    </ClCompile>
    <ClCompile Include="Scene6.cpp">
      <Filter>Scene</Filter>
    </ClCompile>
    <ClCompile Include="Scene5.cpp">
      <Filter>Scene</Filter>
    </ClCompile>
    <ClCompile Include="Scene4.cpp">
      <Filter>Scene</Filter>
    </ClCompile>
    <ClCompile Include="Monster.cpp">
      <Filter>GameObejct</Filter>
    </ClCompile>
    <ClCompile Include="Bullet.cpp">
      <Filter>GameObejct</Filter>
    </ClCompile>
  </ItemGroup>
  <ItemGroup>
    <Filter Include="GameObejct">
      <UniqueIdentifier>{5cce536d-f6f9-4860-80b0-239a3080ffec}</UniqueIdentifier>
    </Filter>
    <Filter Include="Scene">
      <UniqueIdentifier>{a4e326f1-7d51-4ff4-8db0-2aafe47a5110}</UniqueIdentifier>
    </Filter>
  </ItemGroup>
</Project>